{
  "version": 4,
  "terraform_version": "1.5.7",
  "serial": 159,
  "lineage": "00769d57-1aa5-1560-7db1-4800000c783b",
  "outputs": {},
  "resources": [
    {
      "mode": "data",
      "type": "aws_lb",
      "name": "payments",
      "provider": "provider[\"registry.terraform.io/hashicorp/aws\"]",
      "instances": [
        {
          "schema_version": 0,
          "attributes": {
            "access_logs": [
              {
                "bucket": "",
                "enabled": false,
                "prefix": ""
              }
            ],
            "arn": "arn:aws:elasticloadbalancing:eu-west-1:566972129213:loadbalancer/app/testl-Payme-UNPBI1NL9VPA/5ee6b15c48e1c3fa",
            "arn_suffix": "app/testl-Payme-UNPBI1NL9VPA/5ee6b15c48e1c3fa",
            "customer_owned_ipv4_pool": "",
            "desync_mitigation_mode": "defensive",
            "dns_name": "internal-testl-Payme-UNPBI1NL9VPA-1445928224.eu-west-1.elb.amazonaws.com",
            "drop_invalid_header_fields": false,
            "enable_cross_zone_load_balancing": true,
            "enable_deletion_protection": false,
            "enable_http2": true,
            "enable_tls_version_and_cipher_suite_headers": false,
            "enable_waf_fail_open": false,
            "enable_xff_client_port": false,
            "id": "arn:aws:elasticloadbalancing:eu-west-1:566972129213:loadbalancer/app/testl-Payme-UNPBI1NL9VPA/5ee6b15c48e1c3fa",
            "idle_timeout": 60,
            "internal": true,
            "ip_address_type": "ipv4",
            "load_balancer_type": "application",
            "name": "testl-Payme-UNPBI1NL9VPA",
            "preserve_host_header": false,
            "security_groups": [
              "sg-08f0a156dbeb9724b"
            ],
            "subnet_mapping": [
              {
                "allocation_id": "",
                "ipv6_address": "",
                "outpost_id": "",
                "private_ipv4_address": "",
                "subnet_id": "subnet-083f84ab40f5df076"
              },
              {
                "allocation_id": "",
                "ipv6_address": "",
                "outpost_id": "",
                "private_ipv4_address": "",
                "subnet_id": "subnet-0b30aa46e410c903d"
              }
            ],
            "subnets": [
              "subnet-083f84ab40f5df076",
              "subnet-0b30aa46e410c903d"
            ],
            "tags": {},
            "timeouts": null,
            "vpc_id": "vpc-0a0c8bc0956c0b09e",
            "xff_header_processing_mode": "append",
            "zone_id": "Z32O12XQLNTSW2"
          },
          "sensitive_attributes": []
        }
      ]
    },
    {
      "mode": "data",
      "type": "aws_vpc",
      "name": "payments",
      "provider": "provider[\"registry.terraform.io/hashicorp/aws\"]",
      "instances": [
        {
          "schema_version": 0,
          "attributes": {
            "arn": "arn:aws:ec2:eu-west-1:566972129213:vpc/vpc-0a0c8bc0956c0b09e",
            "cidr_block": "10.0.0.0/16",
            "cidr_block_associations": [
              {
                "association_id": "vpc-cidr-assoc-07bdcc74574504066",
                "cidr_block": "10.0.0.0/16",
                "state": "associated"
              }
            ],
            "default": false,
            "dhcp_options_id": "dopt-ee743588",
            "enable_dns_hostnames": true,
            "enable_dns_support": true,
            "enable_network_address_usage_metrics": false,
            "filter": [
              {
                "name": "tag:Name",
                "values": [
                  "LatticeWorkshop Payments VPC"
                ]
              }
            ],
            "id": "vpc-0a0c8bc0956c0b09e",
            "instance_tenancy": "default",
            "ipv6_association_id": "",
            "ipv6_cidr_block": "",
            "main_route_table_id": "rtb-0a3133548a1deefbb",
            "owner_id": "566972129213",
            "state": null,
            "tags": {
              "Name": "LatticeWorkshop Payments VPC"
            },
            "timeouts": null
          },
          "sensitive_attributes": []
        }
      ]
    },
    {
      "mode": "data",
      "type": "external",
      "name": "alb_name",
      "provider": "provider[\"registry.terraform.io/hashicorp/external\"]",
      "instances": [
        {
          "schema_version": 0,
          "attributes": {
            "id": "-",
            "program": [
              "bash",
              "get-alb-name.sh",
              "vpc-0a0c8bc0956c0b09e"
            ],
            "query": null,
            "result": {
              "Name": "testl-Payme-UNPBI1NL9VPA"
            },
            "working_dir": null
          },
          "sensitive_attributes": []
        }
      ]
    },
    {
      "mode": "managed",
      "type": "aws_vpclattice_target_group",
      "name": "tg-00cd21289524685dd",
      "provider": "provider[\"registry.terraform.io/hashicorp/aws\"]",
      "instances": [
        {
          "schema_version": 0,
          "attributes": {
            "arn": "arn:aws:vpc-lattice:eu-west-1:566972129213:targetgroup/tg-01da15a6718bf9e59",
            "config": [
              {
                "health_check": [],
                "ip_address_type": "",
                "port": 80,
                "protocol": "HTTP",
                "protocol_version": "HTTP1",
                "vpc_identifier": "vpc-0a0c8bc0956c0b09e"
              }
            ],
            "id": "tg-01da15a6718bf9e59",
            "name": "payments-tg",
            "status": "ACTIVE",
            "tags": {},
            "tags_all": {},
            "timeouts": null,
            "type": "ALB"
          },
          "sensitive_attributes": [],
          "private": "eyJlMmJmYjczMC1lY2FhLTExZTYtOGY4OC0zNDM2M2JjN2M0YzAiOnsiY3JlYXRlIjoxODAwMDAwMDAwMDAwLCJkZWxldGUiOjE4MDAwMDAwMDAwMDAsInVwZGF0ZSI6MTgwMDAwMDAwMDAwMH19",
          "dependencies": [
            "data.aws_vpc.payments"
          ]
        }
      ]
    },
    {
      "mode": "managed",
      "type": "aws_vpclattice_target_group_attachment",
      "name": "example",
      "provider": "provider[\"registry.terraform.io/hashicorp/aws\"]",
      "instances": [
        {
          "schema_version": 0,
          "attributes": {
            "id": "tg-01da15a6718bf9e59/arn:aws:elasticloadbalancing:eu-west-1:566972129213:loadbalancer/app/testl-Payme-UNPBI1NL9VPA/5ee6b15c48e1c3fa/80",
            "target": [
              {
                "id": "arn:aws:elasticloadbalancing:eu-west-1:566972129213:loadbalancer/app/testl-Payme-UNPBI1NL9VPA/5ee6b15c48e1c3fa",
                "port": 80
              }
            ],
            "target_group_identifier": "tg-01da15a6718bf9e59",
            "timeouts": null
          },
          "sensitive_attributes": [],
          "private": "eyJlMmJmYjczMC1lY2FhLTExZTYtOGY4OC0zNDM2M2JjN2M0YzAiOnsiY3JlYXRlIjoxODAwMDAwMDAwMDAwLCJkZWxldGUiOjE4MDAwMDAwMDAwMDB9fQ==",
          "dependencies": [
            "aws_vpclattice_target_group.tg-00cd21289524685dd",
            "data.aws_lb.payments",
            "data.aws_vpc.payments",
            "data.external.alb_name"
          ]
        }
      ]
    }
  ],
  "check_results": null
}
