{
  "version": 4,
  "terraform_version": "1.5.7",
  "serial": 552,
  "lineage": "00769d57-1aa5-1560-7db1-4800000c783b",
  "outputs": {},
  "resources": [
    {
      "mode": "data",
      "type": "aws_lb",
      "name": "payments",
      "provider": "provider[\"registry.terraform.io/hashicorp/aws\"]",
      "instances": [
        {
          "schema_version": 0,
          "attributes": {
            "access_logs": [
              {
                "bucket": "",
                "enabled": false,
                "prefix": ""
              }
            ],
            "arn": "arn:aws:elasticloadbalancing:eu-west-1:566972129213:loadbalancer/app/testl-Payme-UNPBI1NL9VPA/ead9ce399df491cb",
            "arn_suffix": "app/testl-Payme-UNPBI1NL9VPA/ead9ce399df491cb",
            "customer_owned_ipv4_pool": "",
            "desync_mitigation_mode": "defensive",
            "dns_name": "internal-testl-Payme-UNPBI1NL9VPA-629421000.eu-west-1.elb.amazonaws.com",
            "drop_invalid_header_fields": false,
            "enable_cross_zone_load_balancing": true,
            "enable_deletion_protection": false,
            "enable_http2": true,
            "enable_tls_version_and_cipher_suite_headers": false,
            "enable_waf_fail_open": false,
            "enable_xff_client_port": false,
            "id": "arn:aws:elasticloadbalancing:eu-west-1:566972129213:loadbalancer/app/testl-Payme-UNPBI1NL9VPA/ead9ce399df491cb",
            "idle_timeout": 60,
            "internal": true,
            "ip_address_type": "ipv4",
            "load_balancer_type": "application",
            "name": "testl-Payme-UNPBI1NL9VPA",
            "preserve_host_header": false,
            "security_groups": [
              "sg-06eecd11329c00258"
            ],
            "subnet_mapping": [
              {
                "allocation_id": "",
                "ipv6_address": "",
                "outpost_id": "",
                "private_ipv4_address": "",
                "subnet_id": "subnet-0a6ef2808431c9da6"
              },
              {
                "allocation_id": "",
                "ipv6_address": "",
                "outpost_id": "",
                "private_ipv4_address": "",
                "subnet_id": "subnet-0aa062c5e2aced2e2"
              }
            ],
            "subnets": [
              "subnet-0a6ef2808431c9da6",
              "subnet-0aa062c5e2aced2e2"
            ],
            "tags": {},
            "timeouts": null,
            "vpc_id": "vpc-0c3e932ea11ae7449",
            "xff_header_processing_mode": "append",
            "zone_id": "Z32O12XQLNTSW2"
          },
          "sensitive_attributes": [
            [
              {
                "type": "get_attr",
                "value": "name"
              }
            ]
          ]
        }
      ]
    },
    {
      "mode": "data",
      "type": "aws_ssm_parameter",
      "name": "alb",
      "provider": "provider[\"registry.terraform.io/hashicorp/aws\"]",
      "instances": [
        {
          "schema_version": 0,
          "attributes": {
            "arn": "arn:aws:ssm:eu-west-1:566972129213:parameter/vpclattice/workshop/alb",
            "id": "/vpclattice/workshop/alb",
            "insecure_value": "testl-Payme-UNPBI1NL9VPA",
            "name": "/vpclattice/workshop/alb",
            "type": "String",
            "value": "testl-Payme-UNPBI1NL9VPA",
            "version": 1,
            "with_decryption": true
          },
          "sensitive_attributes": []
        }
      ]
    },
    {
      "mode": "data",
      "type": "aws_ssm_parameter",
      "name": "vpc-payments",
      "provider": "provider[\"registry.terraform.io/hashicorp/aws\"]",
      "instances": [
        {
          "schema_version": 0,
          "attributes": {
            "arn": "arn:aws:ssm:eu-west-1:566972129213:parameter/vpclattice/workshop/vpc-payments",
            "id": "/vpclattice/workshop/vpc-payments",
            "insecure_value": "vpc-0c3e932ea11ae7449",
            "name": "/vpclattice/workshop/vpc-payments",
            "type": "String",
            "value": "vpc-0c3e932ea11ae7449",
            "version": 1,
            "with_decryption": true
          },
          "sensitive_attributes": []
        }
      ]
    },
    {
      "mode": "data",
      "type": "aws_vpc",
      "name": "payments",
      "provider": "provider[\"registry.terraform.io/hashicorp/aws\"]",
      "instances": [
        {
          "schema_version": 0,
          "attributes": {
            "arn": "arn:aws:ec2:eu-west-1:566972129213:vpc/vpc-0c3e932ea11ae7449",
            "cidr_block": "10.0.0.0/16",
            "cidr_block_associations": [
              {
                "association_id": "vpc-cidr-assoc-092b5de507f91a657",
                "cidr_block": "10.0.0.0/16",
                "state": "associated"
              }
            ],
            "default": false,
            "dhcp_options_id": "dopt-ee743588",
            "enable_dns_hostnames": true,
            "enable_dns_support": true,
            "enable_network_address_usage_metrics": false,
            "filter": null,
            "id": "vpc-0c3e932ea11ae7449",
            "instance_tenancy": "default",
            "ipv6_association_id": "",
            "ipv6_cidr_block": "",
            "main_route_table_id": "rtb-0ee323407406312c2",
            "owner_id": "566972129213",
            "state": null,
            "tags": {
              "Name": "LatticeWorkshop Payments VPC"
            },
            "timeouts": null
          },
          "sensitive_attributes": [
            [
              {
                "type": "get_attr",
                "value": "id"
              }
            ]
          ]
        }
      ]
    },
    {
      "mode": "managed",
      "type": "aws_vpclattice_target_group",
      "name": "tg-00cd21289524685dd",
      "provider": "provider[\"registry.terraform.io/hashicorp/aws\"]",
      "instances": [
        {
          "schema_version": 0,
          "attributes": {
            "arn": "arn:aws:vpc-lattice:eu-west-1:566972129213:targetgroup/tg-05701b24bd4005716",
            "config": [
              {
                "health_check": [],
                "ip_address_type": "",
                "port": 80,
                "protocol": "HTTP",
                "protocol_version": "HTTP1",
                "vpc_identifier": "vpc-0c3e932ea11ae7449"
              }
            ],
            "id": "tg-05701b24bd4005716",
            "name": "payments-tg",
            "status": "ACTIVE",
            "tags": {},
            "tags_all": {},
            "timeouts": null,
            "type": "ALB"
          },
          "sensitive_attributes": [
            [
              {
                "type": "get_attr",
                "value": "config"
              },
              {
                "type": "index",
                "value": {
                  "value": 0,
                  "type": "number"
                }
              },
              {
                "type": "get_attr",
                "value": "vpc_identifier"
              }
            ]
          ],
          "private": "eyJlMmJmYjczMC1lY2FhLTExZTYtOGY4OC0zNDM2M2JjN2M0YzAiOnsiY3JlYXRlIjoxODAwMDAwMDAwMDAwLCJkZWxldGUiOjE4MDAwMDAwMDAwMDAsInVwZGF0ZSI6MTgwMDAwMDAwMDAwMH19",
          "dependencies": [
            "data.aws_ssm_parameter.vpc-payments",
            "data.aws_vpc.payments"
          ]
        }
      ]
    },
    {
      "mode": "managed",
      "type": "aws_vpclattice_target_group_attachment",
      "name": "example",
      "provider": "provider[\"registry.terraform.io/hashicorp/aws\"]",
      "instances": [
        {
          "schema_version": 0,
          "attributes": {
            "id": "tg-05701b24bd4005716/arn:aws:elasticloadbalancing:eu-west-1:566972129213:loadbalancer/app/testl-Payme-UNPBI1NL9VPA/ead9ce399df491cb/80",
            "target": [
              {
                "id": "arn:aws:elasticloadbalancing:eu-west-1:566972129213:loadbalancer/app/testl-Payme-UNPBI1NL9VPA/ead9ce399df491cb",
                "port": 80
              }
            ],
            "target_group_identifier": "tg-05701b24bd4005716",
            "timeouts": null
          },
          "sensitive_attributes": [],
          "private": "eyJlMmJmYjczMC1lY2FhLTExZTYtOGY4OC0zNDM2M2JjN2M0YzAiOnsiY3JlYXRlIjoxODAwMDAwMDAwMDAwLCJkZWxldGUiOjE4MDAwMDAwMDAwMDB9fQ==",
          "dependencies": [
            "aws_vpclattice_target_group.tg-00cd21289524685dd",
            "data.aws_lb.payments",
            "data.aws_ssm_parameter.alb",
            "data.aws_ssm_parameter.vpc-payments",
            "data.aws_vpc.payments"
          ]
        }
      ]
    }
  ],
  "check_results": null
}
