{
  "version": 4,
  "terraform_version": "1.5.7",
  "serial": 133,
  "lineage": "00769d57-1aa5-1560-7db1-4800000c783b",
  "outputs": {
    "albName": {
      "value": "testl-Payme-UNPBI1NL9VPA",
      "type": "string"
    },
    "asgName": {
      "value": "testlatticebaseinfrawithapiserver-RatesASG-16HVW360AFWPF",
      "type": "string"
    }
  },
  "resources": [
    {
      "mode": "data",
      "type": "aws_autoscaling_group",
      "name": "rates",
      "provider": "provider[\"registry.terraform.io/hashicorp/aws\"]",
      "instances": [
        {
          "schema_version": 0,
          "attributes": {
            "arn": "arn:aws:autoscaling:eu-west-1:566972129213:autoScalingGroup:049ff529-8c17-4f54-99db-94bc10e22b15:autoScalingGroupName/testlatticebaseinfrawithapiserver-RatesASG-16HVW360AFWPF",
            "availability_zones": [
              "eu-west-1a",
              "eu-west-1b"
            ],
            "default_cooldown": 300,
            "desired_capacity": 1,
            "desired_capacity_type": "",
            "enabled_metrics": [],
            "health_check_grace_period": 0,
            "health_check_type": "EC2",
            "id": "testlatticebaseinfrawithapiserver-RatesASG-16HVW360AFWPF",
            "launch_configuration": "",
            "launch_template": [
              {
                "id": "lt-0692233e69efb7d98",
                "name": "LatticeWorkshop-rates-launch-template",
                "version": "1"
              }
            ],
            "load_balancers": [],
            "max_instance_lifetime": 0,
            "max_size": 1,
            "min_size": 1,
            "mixed_instances_policy": [],
            "name": "testlatticebaseinfrawithapiserver-RatesASG-16HVW360AFWPF",
            "new_instances_protected_from_scale_in": false,
            "placement_group": "",
            "predicted_capacity": 0,
            "service_linked_role_arn": "arn:aws:iam::566972129213:role/aws-service-role/autoscaling.amazonaws.com/AWSServiceRoleForAutoScaling",
            "status": "",
            "suspended_processes": [],
            "tag": [
              {
                "key": "Name",
                "propagate_at_launch": true,
                "value": "LatticeWorkshop Rates"
              }
            ],
            "target_group_arns": [],
            "termination_policies": [
              "Default"
            ],
            "traffic_source": [],
            "vpc_zone_identifier": "subnet-0136288291d2ecf0a,subnet-0d9ea4c467ebf34d3",
            "warm_pool": [],
            "warm_pool_size": 0
          },
          "sensitive_attributes": []
        }
      ]
    },
    {
      "mode": "data",
      "type": "aws_availability_zones",
      "name": "az",
      "provider": "provider[\"registry.terraform.io/hashicorp/aws\"]",
      "instances": [
        {
          "schema_version": 0,
          "attributes": {
            "all_availability_zones": null,
            "exclude_names": null,
            "exclude_zone_ids": null,
            "filter": null,
            "group_names": [
              "eu-west-1"
            ],
            "id": "eu-west-1",
            "names": [
              "eu-west-1a",
              "eu-west-1b",
              "eu-west-1c"
            ],
            "state": "available",
            "timeouts": null,
            "zone_ids": [
              "euw1-az3",
              "euw1-az1",
              "euw1-az2"
            ]
          },
          "sensitive_attributes": []
        }
      ]
    },
    {
      "mode": "data",
      "type": "aws_caller_identity",
      "name": "current",
      "provider": "provider[\"registry.terraform.io/hashicorp/aws\"]",
      "instances": [
        {
          "schema_version": 0,
          "attributes": {
            "account_id": "566972129213",
            "arn": "arn:aws:iam::566972129213:user/andyt530",
            "id": "566972129213",
            "user_id": "AIDAYIARMD66254N5CXQM"
          },
          "sensitive_attributes": []
        }
      ]
    },
    {
      "mode": "data",
      "type": "aws_lambda_function",
      "name": "reservation",
      "provider": "provider[\"registry.terraform.io/hashicorp/aws\"]",
      "instances": [
        {
          "schema_version": 0,
          "attributes": {
            "architectures": [
              "x86_64"
            ],
            "arn": "arn:aws:lambda:eu-west-1:566972129213:function:LatticeReservationLambda",
            "code_signing_config_arn": "",
            "dead_letter_config": [],
            "description": "",
            "environment": [],
            "ephemeral_storage": [
              {
                "size": 512
              }
            ],
            "file_system_config": [],
            "function_name": "LatticeReservationLambda",
            "handler": "index.lambda_handler",
            "id": "LatticeReservationLambda",
            "image_uri": "",
            "invoke_arn": "arn:aws:apigateway:eu-west-1:lambda:path/2015-03-31/functions/arn:aws:lambda:eu-west-1:566972129213:function:LatticeReservationLambda/invocations",
            "kms_key_arn": "",
            "last_modified": "2023-09-18T10:56:09.398+0000",
            "layers": [],
            "memory_size": 128,
            "qualified_arn": "arn:aws:lambda:eu-west-1:566972129213:function:LatticeReservationLambda:$LATEST",
            "qualified_invoke_arn": "arn:aws:apigateway:eu-west-1:lambda:path/2015-03-31/functions/arn:aws:lambda:eu-west-1:566972129213:function:LatticeReservationLambda:$LATEST/invocations",
            "qualifier": null,
            "reserved_concurrent_executions": -1,
            "role": "arn:aws:iam::566972129213:role/Lattice-Lambda-Role",
            "runtime": "python3.8",
            "signing_job_arn": "",
            "signing_profile_version_arn": "",
            "source_code_hash": "mJXml+aIBRqvKeZGuTgNEw+gzhvm3jwBnwS6GOwWpwk=",
            "source_code_size": 563,
            "tags": {},
            "timeout": 240,
            "tracing_config": [
              {
                "mode": "PassThrough"
              }
            ],
            "version": "$LATEST",
            "vpc_config": [
              {
                "security_group_ids": [
                  "sg-067dfe4dec422ce60"
                ],
                "subnet_ids": [
                  "subnet-04e4d0bf90c44cd56",
                  "subnet-08f8608099eb8cecb"
                ],
                "vpc_id": "vpc-06977ec8dcb8f6e81"
              }
            ]
          },
          "sensitive_attributes": []
        }
      ]
    },
    {
      "mode": "data",
      "type": "aws_lb",
      "name": "payments",
      "provider": "provider[\"registry.terraform.io/hashicorp/aws\"]",
      "instances": [
        {
          "schema_version": 0,
          "attributes": {
            "access_logs": [
              {
                "bucket": "",
                "enabled": false,
                "prefix": ""
              }
            ],
            "arn": "arn:aws:elasticloadbalancing:eu-west-1:566972129213:loadbalancer/app/testl-Payme-UNPBI1NL9VPA/5ee6b15c48e1c3fa",
            "arn_suffix": "app/testl-Payme-UNPBI1NL9VPA/5ee6b15c48e1c3fa",
            "customer_owned_ipv4_pool": "",
            "desync_mitigation_mode": "defensive",
            "dns_name": "internal-testl-Payme-UNPBI1NL9VPA-1445928224.eu-west-1.elb.amazonaws.com",
            "drop_invalid_header_fields": false,
            "enable_cross_zone_load_balancing": true,
            "enable_deletion_protection": false,
            "enable_http2": true,
            "enable_tls_version_and_cipher_suite_headers": false,
            "enable_waf_fail_open": false,
            "enable_xff_client_port": false,
            "id": "arn:aws:elasticloadbalancing:eu-west-1:566972129213:loadbalancer/app/testl-Payme-UNPBI1NL9VPA/5ee6b15c48e1c3fa",
            "idle_timeout": 60,
            "internal": true,
            "ip_address_type": "ipv4",
            "load_balancer_type": "application",
            "name": "testl-Payme-UNPBI1NL9VPA",
            "preserve_host_header": false,
            "security_groups": [
              "sg-08f0a156dbeb9724b"
            ],
            "subnet_mapping": [
              {
                "allocation_id": "",
                "ipv6_address": "",
                "outpost_id": "",
                "private_ipv4_address": "",
                "subnet_id": "subnet-083f84ab40f5df076"
              },
              {
                "allocation_id": "",
                "ipv6_address": "",
                "outpost_id": "",
                "private_ipv4_address": "",
                "subnet_id": "subnet-0b30aa46e410c903d"
              }
            ],
            "subnets": [
              "subnet-083f84ab40f5df076",
              "subnet-0b30aa46e410c903d"
            ],
            "tags": {},
            "timeouts": null,
            "vpc_id": "vpc-0a0c8bc0956c0b09e",
            "xff_header_processing_mode": "append",
            "zone_id": "Z32O12XQLNTSW2"
          },
          "sensitive_attributes": []
        }
      ]
    },
    {
      "mode": "data",
      "type": "aws_region",
      "name": "current",
      "provider": "provider[\"registry.terraform.io/hashicorp/aws\"]",
      "instances": [
        {
          "schema_version": 0,
          "attributes": {
            "description": "Europe (Ireland)",
            "endpoint": "ec2.eu-west-1.amazonaws.com",
            "id": "eu-west-1",
            "name": "eu-west-1"
          },
          "sensitive_attributes": []
        }
      ]
    },
    {
      "mode": "data",
      "type": "aws_security_group",
      "name": "clients-sg",
      "provider": "provider[\"registry.terraform.io/hashicorp/aws\"]",
      "instances": [
        {
          "schema_version": 0,
          "attributes": {
            "arn": "arn:aws:ec2:eu-west-1:566972129213:security-group/sg-03d872da0ef11f465",
            "description": "Allow all for workshop",
            "filter": null,
            "id": "sg-03d872da0ef11f465",
            "name": "clients-sg",
            "tags": {},
            "timeouts": null,
            "vpc_id": "vpc-0552cbf8549150e66"
          },
          "sensitive_attributes": []
        }
      ]
    },
    {
      "mode": "data",
      "type": "aws_vpc",
      "name": "clients",
      "provider": "provider[\"registry.terraform.io/hashicorp/aws\"]",
      "instances": [
        {
          "schema_version": 0,
          "attributes": {
            "arn": "arn:aws:ec2:eu-west-1:566972129213:vpc/vpc-0552cbf8549150e66",
            "cidr_block": "10.0.0.0/16",
            "cidr_block_associations": [
              {
                "association_id": "vpc-cidr-assoc-0045065c1aa3dc58b",
                "cidr_block": "10.0.0.0/16",
                "state": "associated"
              }
            ],
            "default": false,
            "dhcp_options_id": "dopt-ee743588",
            "enable_dns_hostnames": true,
            "enable_dns_support": true,
            "enable_network_address_usage_metrics": false,
            "filter": [
              {
                "name": "tag:Name",
                "values": [
                  "LatticeWorkshop Clients VPC"
                ]
              }
            ],
            "id": "vpc-0552cbf8549150e66",
            "instance_tenancy": "default",
            "ipv6_association_id": "",
            "ipv6_cidr_block": "",
            "main_route_table_id": "rtb-0cd5c07682d0e15e7",
            "owner_id": "566972129213",
            "state": null,
            "tags": {
              "Name": "LatticeWorkshop Clients VPC"
            },
            "timeouts": null
          },
          "sensitive_attributes": []
        }
      ]
    },
    {
      "mode": "data",
      "type": "aws_vpc",
      "name": "payments",
      "provider": "provider[\"registry.terraform.io/hashicorp/aws\"]",
      "instances": [
        {
          "schema_version": 0,
          "attributes": {
            "arn": "arn:aws:ec2:eu-west-1:566972129213:vpc/vpc-0a0c8bc0956c0b09e",
            "cidr_block": "10.0.0.0/16",
            "cidr_block_associations": [
              {
                "association_id": "vpc-cidr-assoc-07bdcc74574504066",
                "cidr_block": "10.0.0.0/16",
                "state": "associated"
              }
            ],
            "default": false,
            "dhcp_options_id": "dopt-ee743588",
            "enable_dns_hostnames": true,
            "enable_dns_support": true,
            "enable_network_address_usage_metrics": false,
            "filter": [
              {
                "name": "tag:Name",
                "values": [
                  "LatticeWorkshop Payments VPC"
                ]
              }
            ],
            "id": "vpc-0a0c8bc0956c0b09e",
            "instance_tenancy": "default",
            "ipv6_association_id": "",
            "ipv6_cidr_block": "",
            "main_route_table_id": "rtb-0a3133548a1deefbb",
            "owner_id": "566972129213",
            "state": null,
            "tags": {
              "Name": "LatticeWorkshop Payments VPC"
            },
            "timeouts": null
          },
          "sensitive_attributes": []
        }
      ]
    },
    {
      "mode": "data",
      "type": "aws_vpc",
      "name": "rates",
      "provider": "provider[\"registry.terraform.io/hashicorp/aws\"]",
      "instances": [
        {
          "schema_version": 0,
          "attributes": {
            "arn": "arn:aws:ec2:eu-west-1:566972129213:vpc/vpc-03ad2d3d2947ce3f5",
            "cidr_block": "10.0.0.0/16",
            "cidr_block_associations": [
              {
                "association_id": "vpc-cidr-assoc-03754e978984e0bce",
                "cidr_block": "10.0.0.0/16",
                "state": "associated"
              }
            ],
            "default": false,
            "dhcp_options_id": "dopt-ee743588",
            "enable_dns_hostnames": true,
            "enable_dns_support": true,
            "enable_network_address_usage_metrics": false,
            "filter": [
              {
                "name": "tag:Name",
                "values": [
                  "LatticeWorkshop Rates VPC"
                ]
              }
            ],
            "id": "vpc-03ad2d3d2947ce3f5",
            "instance_tenancy": "default",
            "ipv6_association_id": "",
            "ipv6_cidr_block": "",
            "main_route_table_id": "rtb-09cc01b30b5fc1758",
            "owner_id": "566972129213",
            "state": null,
            "tags": {
              "Name": "LatticeWorkshop Rates VPC"
            },
            "timeouts": null
          },
          "sensitive_attributes": []
        }
      ]
    },
    {
      "mode": "data",
      "type": "aws_vpc",
      "name": "reservations",
      "provider": "provider[\"registry.terraform.io/hashicorp/aws\"]",
      "instances": [
        {
          "schema_version": 0,
          "attributes": {
            "arn": "arn:aws:ec2:eu-west-1:566972129213:vpc/vpc-06977ec8dcb8f6e81",
            "cidr_block": "10.0.0.0/16",
            "cidr_block_associations": [
              {
                "association_id": "vpc-cidr-assoc-0488877be35ea986d",
                "cidr_block": "10.0.0.0/16",
                "state": "associated"
              }
            ],
            "default": false,
            "dhcp_options_id": "dopt-ee743588",
            "enable_dns_hostnames": true,
            "enable_dns_support": true,
            "enable_network_address_usage_metrics": false,
            "filter": [
              {
                "name": "tag:Name",
                "values": [
                  "LatticeWorkshop Reservations VPC"
                ]
              }
            ],
            "id": "vpc-06977ec8dcb8f6e81",
            "instance_tenancy": "default",
            "ipv6_association_id": "",
            "ipv6_cidr_block": "",
            "main_route_table_id": "rtb-01bd1215aae80c71b",
            "owner_id": "566972129213",
            "state": null,
            "tags": {
              "Name": "LatticeWorkshop Reservations VPC"
            },
            "timeouts": null
          },
          "sensitive_attributes": []
        }
      ]
    },
    {
      "mode": "data",
      "type": "external",
      "name": "alb_name",
      "provider": "provider[\"registry.terraform.io/hashicorp/external\"]",
      "instances": [
        {
          "schema_version": 0,
          "attributes": {
            "id": "-",
            "program": [
              "bash",
              "get-alb-name.sh",
              "vpc-0a0c8bc0956c0b09e"
            ],
            "query": null,
            "result": {
              "Name": "testl-Payme-UNPBI1NL9VPA"
            },
            "working_dir": null
          },
          "sensitive_attributes": []
        }
      ]
    },
    {
      "mode": "data",
      "type": "external",
      "name": "asg_name",
      "provider": "provider[\"registry.terraform.io/hashicorp/external\"]",
      "instances": [
        {
          "schema_version": 0,
          "attributes": {
            "id": "-",
            "program": [
              "bash",
              "get-asg-name.sh"
            ],
            "query": null,
            "result": {
              "Name": "testlatticebaseinfrawithapiserver-RatesASG-16HVW360AFWPF"
            },
            "working_dir": null
          },
          "sensitive_attributes": []
        }
      ]
    },
    {
      "mode": "managed",
      "type": "aws_autoscaling_traffic_source_attachment",
      "name": "example",
      "provider": "provider[\"registry.terraform.io/hashicorp/aws\"]",
      "instances": [
        {
          "schema_version": 0,
          "attributes": {
            "autoscaling_group_name": "testlatticebaseinfrawithapiserver-RatesASG-16HVW360AFWPF",
            "id": "testlatticebaseinfrawithapiserver-RatesASG-16HVW360AFWPF,vpc-lattice,arn:aws:vpc-lattice:eu-west-1:566972129213:targetgroup/tg-0abac1756ff3e9afd",
            "timeouts": null,
            "traffic_source": [
              {
                "identifier": "arn:aws:vpc-lattice:eu-west-1:566972129213:targetgroup/tg-0abac1756ff3e9afd",
                "type": "vpc-lattice"
              }
            ]
          },
          "sensitive_attributes": [],
          "private": "eyJlMmJmYjczMC1lY2FhLTExZTYtOGY4OC0zNDM2M2JjN2M0YzAiOnsiY3JlYXRlIjoxODAwMDAwMDAwMDAwLCJkZWxldGUiOjE4MDAwMDAwMDAwMDB9fQ==",
          "dependencies": [
            "aws_vpclattice_target_group.rates-tg",
            "data.aws_autoscaling_group.rates",
            "data.aws_vpc.rates"
          ]
        }
      ]
    },
    {
      "mode": "managed",
      "type": "aws_vpclattice_listener",
      "name": "svc-01140bc6b2d1ae15b__listener-0d9bab3230fb40114",
      "provider": "provider[\"registry.terraform.io/hashicorp/aws\"]",
      "instances": [
        {
          "schema_version": 0,
          "attributes": {
            "arn": "arn:aws:vpc-lattice:eu-west-1:566972129213:service/svc-00e7cc2c7a0681e31/listener/listener-0f974b5549d5577c3",
            "created_at": "2023-09-18 16:41:13.896 +0000 UTC",
            "default_action": [
              {
                "fixed_response": [],
                "forward": [
                  {
                    "target_groups": [
                      {
                        "target_group_identifier": "tg-0926b893015a065ef",
                        "weight": 1
                      }
                    ]
                  }
                ]
              }
            ],
            "id": "svc-00e7cc2c7a0681e31/listener-0f974b5549d5577c3",
            "last_updated_at": "2023-09-18 16:41:13.896 +0000 UTC",
            "listener_id": "listener-0f974b5549d5577c3",
            "name": "https-443",
            "port": 443,
            "protocol": "HTTPS",
            "service_arn": "arn:aws:vpc-lattice:eu-west-1:566972129213:service/svc-00e7cc2c7a0681e31",
            "service_identifier": "svc-00e7cc2c7a0681e31",
            "tags": null,
            "tags_all": {},
            "timeouts": null
          },
          "sensitive_attributes": [],
          "private": "eyJlMmJmYjczMC1lY2FhLTExZTYtOGY4OC0zNDM2M2JjN2M0YzAiOnsiY3JlYXRlIjoxODAwMDAwMDAwMDAwLCJkZWxldGUiOjE4MDAwMDAwMDAwMDAsInVwZGF0ZSI6MTgwMDAwMDAwMDAwMH19",
          "dependencies": [
            "aws_vpclattice_service.svc-01140bc6b2d1ae15b",
            "aws_vpclattice_target_group.tg-0db3a282d7c581867"
          ]
        }
      ]
    },
    {
      "mode": "managed",
      "type": "aws_vpclattice_listener",
      "name": "svc-06f9423290d1e2bb1__listener-07a3088ef9edf4330",
      "provider": "provider[\"registry.terraform.io/hashicorp/aws\"]",
      "instances": [
        {
          "schema_version": 0,
          "attributes": {
            "arn": "arn:aws:vpc-lattice:eu-west-1:566972129213:service/svc-0315cab277eaf7066/listener/listener-0dbe4a449a78fcbba",
            "created_at": "2023-09-18 16:41:13.876 +0000 UTC",
            "default_action": [
              {
                "fixed_response": [],
                "forward": [
                  {
                    "target_groups": [
                      {
                        "target_group_identifier": "tg-01da15a6718bf9e59",
                        "weight": 1
                      }
                    ]
                  }
                ]
              }
            ],
            "id": "svc-0315cab277eaf7066/listener-0dbe4a449a78fcbba",
            "last_updated_at": "2023-09-18 16:41:13.876 +0000 UTC",
            "listener_id": "listener-0dbe4a449a78fcbba",
            "name": "http-80",
            "port": 80,
            "protocol": "HTTP",
            "service_arn": "arn:aws:vpc-lattice:eu-west-1:566972129213:service/svc-0315cab277eaf7066",
            "service_identifier": "svc-0315cab277eaf7066",
            "tags": null,
            "tags_all": {},
            "timeouts": null
          },
          "sensitive_attributes": [],
          "private": "eyJlMmJmYjczMC1lY2FhLTExZTYtOGY4OC0zNDM2M2JjN2M0YzAiOnsiY3JlYXRlIjoxODAwMDAwMDAwMDAwLCJkZWxldGUiOjE4MDAwMDAwMDAwMDAsInVwZGF0ZSI6MTgwMDAwMDAwMDAwMH19",
          "dependencies": [
            "aws_vpclattice_service.svc-06f9423290d1e2bb1",
            "aws_vpclattice_target_group.tg-00cd21289524685dd",
            "data.aws_vpc.payments"
          ]
        }
      ]
    },
    {
      "mode": "managed",
      "type": "aws_vpclattice_listener_rule",
      "name": "svc-06f9423290d1e2bb1__listener-07a3088ef9edf4330__rule-0513073d4762ae9d7",
      "provider": "provider[\"registry.terraform.io/hashicorp/aws\"]",
      "instances": [
        {
          "schema_version": 0,
          "attributes": {
            "action": [
              {
                "fixed_response": [],
                "forward": [
                  {
                    "target_groups": [
                      {
                        "target_group_identifier": "tg-0abac1756ff3e9afd",
                        "weight": 1
                      }
                    ]
                  }
                ]
              }
            ],
            "arn": "arn:aws:vpc-lattice:eu-west-1:566972129213:service/svc-0315cab277eaf7066/listener/listener-0dbe4a449a78fcbba/rule/rule-0bf805f07d2139335",
            "id": "svc-0315cab277eaf7066/arn:aws:vpc-lattice:eu-west-1:566972129213:service/svc-0315cab277eaf7066/listener/listener-0dbe4a449a78fcbba/rule-0bf805f07d2139335",
            "listener_identifier": "arn:aws:vpc-lattice:eu-west-1:566972129213:service/svc-0315cab277eaf7066/listener/listener-0dbe4a449a78fcbba",
            "match": [
              {
                "http_match": [
                  {
                    "header_matches": [],
                    "method": "",
                    "path_match": [
                      {
                        "case_sensitive": true,
                        "match": [
                          {
                            "exact": "/rates",
                            "prefix": ""
                          }
                        ]
                      }
                    ]
                  }
                ]
              }
            ],
            "name": "rates-rule",
            "priority": 10,
            "rule_id": "rule-0bf805f07d2139335",
            "service_identifier": "svc-0315cab277eaf7066",
            "tags": null,
            "tags_all": {},
            "timeouts": null
          },
          "sensitive_attributes": [],
          "private": "eyJlMmJmYjczMC1lY2FhLTExZTYtOGY4OC0zNDM2M2JjN2M0YzAiOnsiY3JlYXRlIjoxODAwMDAwMDAwMDAwLCJkZWxldGUiOjE4MDAwMDAwMDAwMDAsInVwZGF0ZSI6MTgwMDAwMDAwMDAwMH19",
          "dependencies": [
            "aws_vpclattice_listener.svc-06f9423290d1e2bb1__listener-07a3088ef9edf4330",
            "aws_vpclattice_service.svc-06f9423290d1e2bb1",
            "aws_vpclattice_target_group.rates-tg",
            "aws_vpclattice_target_group.tg-00cd21289524685dd",
            "data.aws_vpc.payments",
            "data.aws_vpc.rates"
          ]
        }
      ]
    },
    {
      "mode": "managed",
      "type": "aws_vpclattice_listener_rule",
      "name": "svc-06f9423290d1e2bb1__listener-07a3088ef9edf4330__rule-0aee2ecbbcbd5a6fc",
      "provider": "provider[\"registry.terraform.io/hashicorp/aws\"]",
      "instances": [
        {
          "schema_version": 0,
          "attributes": {
            "action": [
              {
                "fixed_response": [],
                "forward": [
                  {
                    "target_groups": [
                      {
                        "target_group_identifier": "tg-01da15a6718bf9e59",
                        "weight": 1
                      }
                    ]
                  }
                ]
              }
            ],
            "arn": "arn:aws:vpc-lattice:eu-west-1:566972129213:service/svc-0315cab277eaf7066/listener/listener-0dbe4a449a78fcbba/rule/rule-02f6c6ea59e5f0319",
            "id": "svc-0315cab277eaf7066/arn:aws:vpc-lattice:eu-west-1:566972129213:service/svc-0315cab277eaf7066/listener/listener-0dbe4a449a78fcbba/rule-02f6c6ea59e5f0319",
            "listener_identifier": "arn:aws:vpc-lattice:eu-west-1:566972129213:service/svc-0315cab277eaf7066/listener/listener-0dbe4a449a78fcbba",
            "match": [
              {
                "http_match": [
                  {
                    "header_matches": [],
                    "method": "",
                    "path_match": [
                      {
                        "case_sensitive": true,
                        "match": [
                          {
                            "exact": "/payments",
                            "prefix": ""
                          }
                        ]
                      }
                    ]
                  }
                ]
              }
            ],
            "name": "payments-rule",
            "priority": 20,
            "rule_id": "rule-02f6c6ea59e5f0319",
            "service_identifier": "svc-0315cab277eaf7066",
            "tags": null,
            "tags_all": {},
            "timeouts": null
          },
          "sensitive_attributes": [],
          "private": "eyJlMmJmYjczMC1lY2FhLTExZTYtOGY4OC0zNDM2M2JjN2M0YzAiOnsiY3JlYXRlIjoxODAwMDAwMDAwMDAwLCJkZWxldGUiOjE4MDAwMDAwMDAwMDAsInVwZGF0ZSI6MTgwMDAwMDAwMDAwMH19",
          "dependencies": [
            "aws_vpclattice_listener.svc-06f9423290d1e2bb1__listener-07a3088ef9edf4330",
            "aws_vpclattice_service.svc-06f9423290d1e2bb1",
            "aws_vpclattice_target_group.tg-00cd21289524685dd",
            "data.aws_vpc.payments"
          ]
        }
      ]
    },
    {
      "mode": "managed",
      "type": "aws_vpclattice_service",
      "name": "svc-01140bc6b2d1ae15b",
      "provider": "provider[\"registry.terraform.io/hashicorp/aws\"]",
      "instances": [
        {
          "schema_version": 0,
          "attributes": {
            "arn": "arn:aws:vpc-lattice:eu-west-1:566972129213:service/svc-00e7cc2c7a0681e31",
            "auth_type": "NONE",
            "certificate_arn": "",
            "custom_domain_name": "",
            "dns_entry": [
              {
                "domain_name": "reservation-00e7cc2c7a0681e31.7d67968.vpc-lattice-svcs.eu-west-1.on.aws",
                "hosted_zone_id": "Z02268411RHECJJ89IJXF"
              }
            ],
            "id": "svc-00e7cc2c7a0681e31",
            "name": "reservation",
            "status": "ACTIVE",
            "tags": null,
            "tags_all": {},
            "timeouts": null
          },
          "sensitive_attributes": [],
          "private": "eyJlMmJmYjczMC1lY2FhLTExZTYtOGY4OC0zNDM2M2JjN2M0YzAiOnsiY3JlYXRlIjozMDAwMDAwMDAwMDAsImRlbGV0ZSI6MzAwMDAwMDAwMDAwLCJ1cGRhdGUiOjMwMDAwMDAwMDAwMH19"
        }
      ]
    },
    {
      "mode": "managed",
      "type": "aws_vpclattice_service",
      "name": "svc-06f9423290d1e2bb1",
      "provider": "provider[\"registry.terraform.io/hashicorp/aws\"]",
      "instances": [
        {
          "schema_version": 0,
          "attributes": {
            "arn": "arn:aws:vpc-lattice:eu-west-1:566972129213:service/svc-0315cab277eaf7066",
            "auth_type": "NONE",
            "certificate_arn": "",
            "custom_domain_name": "",
            "dns_entry": [
              {
                "domain_name": "parking-0315cab277eaf7066.7d67968.vpc-lattice-svcs.eu-west-1.on.aws",
                "hosted_zone_id": "Z02268411RHECJJ89IJXF"
              }
            ],
            "id": "svc-0315cab277eaf7066",
            "name": "parking",
            "status": "ACTIVE",
            "tags": null,
            "tags_all": {},
            "timeouts": null
          },
          "sensitive_attributes": [],
          "private": "eyJlMmJmYjczMC1lY2FhLTExZTYtOGY4OC0zNDM2M2JjN2M0YzAiOnsiY3JlYXRlIjozMDAwMDAwMDAwMDAsImRlbGV0ZSI6MzAwMDAwMDAwMDAwLCJ1cGRhdGUiOjMwMDAwMDAwMDAwMH19"
        }
      ]
    },
    {
      "mode": "managed",
      "type": "aws_vpclattice_service_network",
      "name": "sn-09c95c9b9ab29e33e",
      "provider": "provider[\"registry.terraform.io/hashicorp/aws\"]",
      "instances": [
        {
          "schema_version": 0,
          "attributes": {
            "arn": "arn:aws:vpc-lattice:eu-west-1:566972129213:servicenetwork/sn-04371b2a2bf789f2f",
            "auth_type": "NONE",
            "id": "sn-04371b2a2bf789f2f",
            "name": "superappsvcnetwork",
            "tags": null,
            "tags_all": {}
          },
          "sensitive_attributes": [],
          "private": "bnVsbA=="
        }
      ]
    },
    {
      "mode": "managed",
      "type": "aws_vpclattice_service_network_service_association",
      "name": "snsa-08375ab233f06eeb3",
      "provider": "provider[\"registry.terraform.io/hashicorp/aws\"]",
      "instances": [
        {
          "schema_version": 0,
          "attributes": {
            "arn": "arn:aws:vpc-lattice:eu-west-1:566972129213:servicenetworkserviceassociation/snsa-0c4d7155e4ca60daf",
            "created_by": "566972129213",
            "custom_domain_name": "",
            "dns_entry": [
              {
                "domain_name": "parking-0315cab277eaf7066.7d67968.vpc-lattice-svcs.eu-west-1.on.aws",
                "hosted_zone_id": "Z02268411RHECJJ89IJXF"
              }
            ],
            "id": "snsa-0c4d7155e4ca60daf",
            "service_identifier": "svc-0315cab277eaf7066",
            "service_network_identifier": "sn-04371b2a2bf789f2f",
            "status": "ACTIVE",
            "tags": null,
            "tags_all": {},
            "timeouts": null
          },
          "sensitive_attributes": [],
          "private": "eyJlMmJmYjczMC1lY2FhLTExZTYtOGY4OC0zNDM2M2JjN2M0YzAiOnsiY3JlYXRlIjozMDAwMDAwMDAwMDAsImRlbGV0ZSI6MzAwMDAwMDAwMDAwLCJ1cGRhdGUiOjMwMDAwMDAwMDAwMH19",
          "dependencies": [
            "aws_vpclattice_service.svc-06f9423290d1e2bb1",
            "aws_vpclattice_service_network.sn-09c95c9b9ab29e33e"
          ]
        }
      ]
    },
    {
      "mode": "managed",
      "type": "aws_vpclattice_service_network_service_association",
      "name": "snsa-0864747d2770172e6",
      "provider": "provider[\"registry.terraform.io/hashicorp/aws\"]",
      "instances": [
        {
          "schema_version": 0,
          "attributes": {
            "arn": "arn:aws:vpc-lattice:eu-west-1:566972129213:servicenetworkserviceassociation/snsa-081f988e6535ab91f",
            "created_by": "566972129213",
            "custom_domain_name": "",
            "dns_entry": [
              {
                "domain_name": "reservation-00e7cc2c7a0681e31.7d67968.vpc-lattice-svcs.eu-west-1.on.aws",
                "hosted_zone_id": "Z02268411RHECJJ89IJXF"
              }
            ],
            "id": "snsa-081f988e6535ab91f",
            "service_identifier": "svc-00e7cc2c7a0681e31",
            "service_network_identifier": "sn-04371b2a2bf789f2f",
            "status": "ACTIVE",
            "tags": null,
            "tags_all": {},
            "timeouts": null
          },
          "sensitive_attributes": [],
          "private": "eyJlMmJmYjczMC1lY2FhLTExZTYtOGY4OC0zNDM2M2JjN2M0YzAiOnsiY3JlYXRlIjozMDAwMDAwMDAwMDAsImRlbGV0ZSI6MzAwMDAwMDAwMDAwLCJ1cGRhdGUiOjMwMDAwMDAwMDAwMH19",
          "dependencies": [
            "aws_vpclattice_service.svc-01140bc6b2d1ae15b",
            "aws_vpclattice_service_network.sn-09c95c9b9ab29e33e"
          ]
        }
      ]
    },
    {
      "mode": "managed",
      "type": "aws_vpclattice_service_network_vpc_association",
      "name": "snva-015e59dfe350453de",
      "provider": "provider[\"registry.terraform.io/hashicorp/aws\"]",
      "instances": [
        {
          "schema_version": 0,
          "attributes": {
            "arn": "arn:aws:vpc-lattice:eu-west-1:566972129213:servicenetworkvpcassociation/snva-016cba4ff4f0aa867",
            "created_by": "566972129213",
            "id": "snva-016cba4ff4f0aa867",
            "security_group_ids": [
              "sg-03d872da0ef11f465"
            ],
            "service_network_identifier": "sn-04371b2a2bf789f2f",
            "status": "ACTIVE",
            "tags": null,
            "tags_all": {},
            "timeouts": null,
            "vpc_identifier": "vpc-0552cbf8549150e66"
          },
          "sensitive_attributes": [],
          "private": "eyJlMmJmYjczMC1lY2FhLTExZTYtOGY4OC0zNDM2M2JjN2M0YzAiOnsiY3JlYXRlIjozMDAwMDAwMDAwMDAsImRlbGV0ZSI6MzAwMDAwMDAwMDAwLCJ1cGRhdGUiOjMwMDAwMDAwMDAwMH19",
          "dependencies": [
            "aws_vpclattice_service_network.sn-09c95c9b9ab29e33e",
            "data.aws_security_group.clients-sg",
            "data.aws_vpc.clients"
          ]
        }
      ]
    },
    {
      "mode": "managed",
      "type": "aws_vpclattice_target_group",
      "name": "rates-tg",
      "provider": "provider[\"registry.terraform.io/hashicorp/aws\"]",
      "instances": [
        {
          "schema_version": 0,
          "attributes": {
            "arn": "arn:aws:vpc-lattice:eu-west-1:566972129213:targetgroup/tg-0abac1756ff3e9afd",
            "config": [
              {
                "health_check": [
                  {
                    "enabled": true,
                    "health_check_interval_seconds": 30,
                    "health_check_timeout_seconds": 5,
                    "healthy_threshold_count": 5,
                    "matcher": [
                      {
                        "value": "200"
                      }
                    ],
                    "path": "/",
                    "port": 0,
                    "protocol": "HTTP",
                    "protocol_version": "HTTP1",
                    "unhealthy_threshold_count": 2
                  }
                ],
                "ip_address_type": "",
                "port": 4242,
                "protocol": "HTTP",
                "protocol_version": "HTTP1",
                "vpc_identifier": "vpc-03ad2d3d2947ce3f5"
              }
            ],
            "id": "tg-0abac1756ff3e9afd",
            "name": "rates-tg",
            "status": "ACTIVE",
            "tags": null,
            "tags_all": {},
            "timeouts": null,
            "type": "INSTANCE"
          },
          "sensitive_attributes": [],
          "private": "eyJlMmJmYjczMC1lY2FhLTExZTYtOGY4OC0zNDM2M2JjN2M0YzAiOnsiY3JlYXRlIjoxODAwMDAwMDAwMDAwLCJkZWxldGUiOjE4MDAwMDAwMDAwMDAsInVwZGF0ZSI6MTgwMDAwMDAwMDAwMH19",
          "dependencies": [
            "data.aws_vpc.rates"
          ]
        }
      ]
    },
    {
      "mode": "managed",
      "type": "aws_vpclattice_target_group",
      "name": "tg-00cd21289524685dd",
      "provider": "provider[\"registry.terraform.io/hashicorp/aws\"]",
      "instances": [
        {
          "schema_version": 0,
          "attributes": {
            "arn": "arn:aws:vpc-lattice:eu-west-1:566972129213:targetgroup/tg-01da15a6718bf9e59",
            "config": [
              {
                "health_check": [],
                "ip_address_type": "",
                "port": 80,
                "protocol": "HTTP",
                "protocol_version": "HTTP1",
                "vpc_identifier": "vpc-0a0c8bc0956c0b09e"
              }
            ],
            "id": "tg-01da15a6718bf9e59",
            "name": "payments-tg",
            "status": "ACTIVE",
            "tags": null,
            "tags_all": {},
            "timeouts": null,
            "type": "ALB"
          },
          "sensitive_attributes": [],
          "private": "eyJlMmJmYjczMC1lY2FhLTExZTYtOGY4OC0zNDM2M2JjN2M0YzAiOnsiY3JlYXRlIjoxODAwMDAwMDAwMDAwLCJkZWxldGUiOjE4MDAwMDAwMDAwMDAsInVwZGF0ZSI6MTgwMDAwMDAwMDAwMH19",
          "dependencies": [
            "data.aws_vpc.payments"
          ]
        }
      ]
    },
    {
      "mode": "managed",
      "type": "aws_vpclattice_target_group",
      "name": "tg-0db3a282d7c581867",
      "provider": "provider[\"registry.terraform.io/hashicorp/aws\"]",
      "instances": [
        {
          "schema_version": 0,
          "attributes": {
            "arn": "arn:aws:vpc-lattice:eu-west-1:566972129213:targetgroup/tg-0926b893015a065ef",
            "config": [
              {
                "health_check": [],
                "ip_address_type": "",
                "port": 0,
                "protocol": "",
                "protocol_version": "",
                "vpc_identifier": ""
              }
            ],
            "id": "tg-0926b893015a065ef",
            "name": "reservation-tg",
            "status": "ACTIVE",
            "tags": null,
            "tags_all": {},
            "timeouts": null,
            "type": "LAMBDA"
          },
          "sensitive_attributes": [],
          "private": "eyJlMmJmYjczMC1lY2FhLTExZTYtOGY4OC0zNDM2M2JjN2M0YzAiOnsiY3JlYXRlIjoxODAwMDAwMDAwMDAwLCJkZWxldGUiOjE4MDAwMDAwMDAwMDAsInVwZGF0ZSI6MTgwMDAwMDAwMDAwMH19"
        }
      ]
    },
    {
      "mode": "managed",
      "type": "aws_vpclattice_target_group_attachment",
      "name": "example",
      "provider": "provider[\"registry.terraform.io/hashicorp/aws\"]",
      "instances": [
        {
          "schema_version": 0,
          "attributes": {
            "id": "tg-01da15a6718bf9e59/arn:aws:elasticloadbalancing:eu-west-1:566972129213:loadbalancer/app/testl-Payme-UNPBI1NL9VPA/5ee6b15c48e1c3fa/80",
            "target": [
              {
                "id": "arn:aws:elasticloadbalancing:eu-west-1:566972129213:loadbalancer/app/testl-Payme-UNPBI1NL9VPA/5ee6b15c48e1c3fa",
                "port": 80
              }
            ],
            "target_group_identifier": "tg-01da15a6718bf9e59",
            "timeouts": null
          },
          "sensitive_attributes": [],
          "private": "eyJlMmJmYjczMC1lY2FhLTExZTYtOGY4OC0zNDM2M2JjN2M0YzAiOnsiY3JlYXRlIjoxODAwMDAwMDAwMDAwLCJkZWxldGUiOjE4MDAwMDAwMDAwMDB9fQ==",
          "dependencies": [
            "aws_vpclattice_target_group.tg-00cd21289524685dd",
            "data.aws_lb.payments",
            "data.aws_vpc.payments"
          ]
        }
      ]
    },
    {
      "mode": "managed",
      "type": "aws_vpclattice_target_group_attachment",
      "name": "rates-asg",
      "provider": "provider[\"registry.terraform.io/hashicorp/aws\"]",
      "instances": [
        {
          "status": "tainted",
          "schema_version": 0,
          "attributes": {
            "id": "tg-0abac1756ff3e9afd/arn:aws:autoscaling:eu-west-1:566972129213:autoScalingGroup:049ff529-8c17-4f54-99db-94bc10e22b15:autoScalingGroupName/testlatticebaseinfrawithapiserver-RatesASG-16HVW360AFWPF/0",
            "target": [
              {
                "id": "arn:aws:autoscaling:eu-west-1:566972129213:autoScalingGroup:049ff529-8c17-4f54-99db-94bc10e22b15:autoScalingGroupName/testlatticebaseinfrawithapiserver-RatesASG-16HVW360AFWPF",
                "port": 0
              }
            ],
            "target_group_identifier": "tg-0abac1756ff3e9afd",
            "timeouts": null
          },
          "sensitive_attributes": [],
          "private": "eyJlMmJmYjczMC1lY2FhLTExZTYtOGY4OC0zNDM2M2JjN2M0YzAiOnsiY3JlYXRlIjoxODAwMDAwMDAwMDAwLCJkZWxldGUiOjE4MDAwMDAwMDAwMDB9fQ==",
          "dependencies": [
            "aws_vpclattice_target_group.rates-tg",
            "data.aws_autoscaling_group.rates",
            "data.aws_vpc.rates"
          ]
        }
      ]
    },
    {
      "mode": "managed",
      "type": "aws_vpclattice_target_group_attachment",
      "name": "reservation_lambda",
      "provider": "provider[\"registry.terraform.io/hashicorp/aws\"]",
      "instances": [
        {
          "schema_version": 0,
          "attributes": {
            "id": "tg-0926b893015a065ef/arn:aws:lambda:eu-west-1:566972129213:function:LatticeReservationLambda/0",
            "target": [
              {
                "id": "arn:aws:lambda:eu-west-1:566972129213:function:LatticeReservationLambda",
                "port": 0
              }
            ],
            "target_group_identifier": "tg-0926b893015a065ef",
            "timeouts": null
          },
          "sensitive_attributes": [],
          "private": "eyJlMmJmYjczMC1lY2FhLTExZTYtOGY4OC0zNDM2M2JjN2M0YzAiOnsiY3JlYXRlIjoxODAwMDAwMDAwMDAwLCJkZWxldGUiOjE4MDAwMDAwMDAwMDB9fQ==",
          "dependencies": [
            "aws_vpclattice_target_group.tg-0db3a282d7c581867",
            "data.aws_lambda_function.reservation"
          ]
        }
      ]
    }
  ],
  "check_results": null
}
